
Microsoft Visual Studio Solution File, Format Version 12.00
# Visual Studio 15
VisualStudioVersion = 15.0.28307.852
MinimumVisualStudioVersion = 10.0.40219.1
Project("{FAE04EC0-301F-11D3-BF4B-00C04F79EFBC}") = "TestUser", "TestUser\TestUser.csproj", "{E0D1871D-08EA-4756-8E73-AF758E2F2826}"
EndProject
Global
	GlobalSection(SolutionConfigurationPlatforms) = preSolution
		Debug|Any CPU = Debug|Any CPU
		Release|Any CPU = Release|Any CPU
	EndGlobalSection
	GlobalSection(ProjectConfigurationPlatforms) = postSolution
		{E0D1871D-08EA-4756-8E73-AF758E2F2826}.Debug|Any CPU.ActiveCfg = Debug|Any CPU
		{E0D1871D-08EA-4756-8E73-AF758E2F2826}.Debug|Any CPU.Build.0 = Debug|Any CPU
		{E0D1871D-08EA-4756-8E73-AF758E2F2826}.Release|Any CPU.ActiveCfg = Release|Any CPU
		{E0D1871D-08EA-4756-8E73-AF758E2F2826}.Release|Any CPU.Build.0 = Release|Any CPU
	EndGlobalSection
	GlobalSection(SolutionProperties) = preSolution
		HideSolutionNode = FALSE
	EndGlobalSection
	GlobalSection(ExtensibilityGlobals) = postSolution
		SolutionGuid = {D4B81136-F7BD-4C12-9328-D88E46473447}
	EndGlobalSection
EndGlobal
